
Microsoft Visual Studio Solution File, Format Version 12.00
# Visual Studio 15
VisualStudioVersion = 15.0.28307.271
MinimumVisualStudioVersion = 10.0.40219.1
Project("{FAE04EC0-301F-11D3-BF4B-00C04F79EFBC}") = "Annoying", "Annoying.csproj", "{ACB90B2F-2D5E-4571-AE92-5C0F7A4610F9}"
EndProject
Global
	GlobalSection(SolutionConfigurationPlatforms) = preSolution
		Debug|Any CPU = Debug|Any CPU
		Release|Any CPU = Release|Any CPU
	EndGlobalSection
	GlobalSection(ProjectConfigurationPlatforms) = postSolution
		{ACB90B2F-2D5E-4571-AE92-5C0F7A4610F9}.Debug|Any CPU.ActiveCfg = Debug|Any CPU
		{ACB90B2F-2D5E-4571-AE92-5C0F7A4610F9}.Debug|Any CPU.Build.0 = Debug|Any CPU
		{ACB90B2F-2D5E-4571-AE92-5C0F7A4610F9}.Release|Any CPU.ActiveCfg = Release|Any CPU
		{ACB90B2F-2D5E-4571-AE92-5C0F7A4610F9}.Release|Any CPU.Build.0 = Release|Any CPU
	EndGlobalSection
	GlobalSection(SolutionProperties) = preSolution
		HideSolutionNode = FALSE
	EndGlobalSection
	GlobalSection(ExtensibilityGlobals) = postSolution
		SolutionGuid = {36EBF65F-973E-4C8A-BFB4-4891F48CFE32}
	EndGlobalSection
EndGlobal
